# Written by 'cc-guides render' — do not edit.
schema = 1
version = "0.1.50"
artifacts = [".claude/settings.json", ".gitignore", ".mcp.json", ".pre-commit-config.yaml", "AGENTS.md", "CLAUDE.md"]

[sources.cc-skills]
spec = "github:yasyf/cc-skills@main"
commit = "cea03026c04a688d801ec1329c06705c7151d6ee"
