# Written by 'cc-guides render' — do not edit.
schema = 1
version = "0.1.53"
artifacts = [".claude/settings.json", ".gitignore", ".mcp.json", ".pre-commit-config.yaml", "AGENTS.md", "CLAUDE.md"]

[sources.cc-skills]
spec = "github:yasyf/cc-skills@main"
commit = "d81d1fdd7f485e485f0308d0b6d4089e6b426736"
